// !$*UTF8*$!
{
	archiveVersion = 1;
	classes = {
	};
	objectVersion = 46;
	objects = {

/* Begin PBXBuildFile section */
		9FF989961942045B003DE3A0 /* Foundation.framework in Frameworks */ = {isa = PBXBuildFile; fileRef = 9FF989951942045B003DE3A0 /* Foundation.framework */; };
		9FF989A41942045B003DE3A0 /* XCTest.framework in Frameworks */ = {isa = PBXBuildFile; fileRef = 9FF989A31942045B003DE3A0 /* XCTest.framework */; };
		9FF989A51942045B003DE3A0 /* Foundation.framework in Frameworks */ = {isa = PBXBuildFile; fileRef = 9FF989951942045B003DE3A0 /* Foundation.framework */; };
		9FF989A71942045B003DE3A0 /* UIKit.framework in Frameworks */ = {isa = PBXBuildFile; fileRef = 9FF989A61942045B003DE3A0 /* UIKit.framework */; };
		9FF989AA1942045B003DE3A0 /* libPig.a in Frameworks */ = {isa = PBXBuildFile; fileRef = 9FF989921942045B003DE3A0 /* libPig.a */; };
		9FF989B01942045B003DE3A0 /* InfoPlist.strings in Resources */ = {isa = PBXBuildFile; fileRef = 9FF989AE1942045B003DE3A0 /* InfoPlist.strings */; };
		9FF989B21942045B003DE3A0 /* PigTests.m in Sources */ = {isa = PBXBuildFile; fileRef = 9FF989B11942045B003DE3A0 /* PigTests.m */; };
		9FF989C01942047D003DE3A0 /* PIGBridgeCallBack.m in Sources */ = {isa = PBXBuildFile; fileRef = 9FF989BC1942047D003DE3A0 /* PIGBridgeCallBack.m */; };
		9FF989C11942047D003DE3A0 /* PIGBridgeManager.m in Sources */ = {isa = PBXBuildFile; fileRef = 9FF989BE1942047D003DE3A0 /* PIGBridgeManager.m */; };
/* End PBXBuildFile section */

/* Begin PBXContainerItemProxy section */
		9FF989A81942045B003DE3A0 /* PBXContainerItemProxy */ = {
			isa = PBXContainerItemProxy;
			containerPortal = 9FF9898A1942045B003DE3A0 /* Project object */;
			proxyType = 1;
			remoteGlobalIDString = 9FF989911942045B003DE3A0;
			remoteInfo = Pig;
		};
/* End PBXContainerItemProxy section */

/* Begin PBXCopyFilesBuildPhase section */
		9FF989901942045B003DE3A0 /* CopyFiles */ = {
			isa = PBXCopyFilesBuildPhase;
			buildActionMask = 2147483647;
			dstPath = "include/$(PRODUCT_NAME)";
			dstSubfolderSpec = 16;
			files = (
			);
			runOnlyForDeploymentPostprocessing = 0;
		};
/* End PBXCopyFilesBuildPhase section */

/* Begin PBXFileReference section */
		9FF989921942045B003DE3A0 /* libPig.a */ = {isa = PBXFileReference; explicitFileType = archive.ar; includeInIndex = 0; path = libPig.a; sourceTree = BUILT_PRODUCTS_DIR; };
		9FF989951942045B003DE3A0 /* Foundation.framework */ = {isa = PBXFileReference; lastKnownFileType = wrapper.framework; name = Foundation.framework; path = System/Library/Frameworks/Foundation.framework; sourceTree = SDKROOT; };
		9FF989991942045B003DE3A0 /* Pig-Prefix.pch */ = {isa = PBXFileReference; lastKnownFileType = sourcecode.c.h; path = "Pig-Prefix.pch"; sourceTree = "<group>"; };
		9FF989A21942045B003DE3A0 /* PigTests.xctest */ = {isa = PBXFileReference; explicitFileType = wrapper.cfbundle; includeInIndex = 0; path = PigTests.xctest; sourceTree = BUILT_PRODUCTS_DIR; };
		9FF989A31942045B003DE3A0 /* XCTest.framework */ = {isa = PBXFileReference; lastKnownFileType = wrapper.framework; name = XCTest.framework; path = Library/Frameworks/XCTest.framework; sourceTree = DEVELOPER_DIR; };
		9FF989A61942045B003DE3A0 /* UIKit.framework */ = {isa = PBXFileReference; lastKnownFileType = wrapper.framework; name = UIKit.framework; path = Library/Frameworks/UIKit.framework; sourceTree = DEVELOPER_DIR; };
		9FF989AD1942045B003DE3A0 /* PigTests-Info.plist */ = {isa = PBXFileReference; lastKnownFileType = text.plist.xml; path = "PigTests-Info.plist"; sourceTree = "<group>"; };
		9FF989AF1942045B003DE3A0 /* en */ = {isa = PBXFileReference; lastKnownFileType = text.plist.strings; name = en; path = en.lproj/InfoPlist.strings; sourceTree = "<group>"; };
		9FF989B11942045B003DE3A0 /* PigTests.m */ = {isa = PBXFileReference; lastKnownFileType = sourcecode.c.objc; path = PigTests.m; sourceTree = "<group>"; };
		9FF989BB1942047D003DE3A0 /* PIGBridgeCallBack.h */ = {isa = PBXFileReference; fileEncoding = 4; lastKnownFileType = sourcecode.c.h; path = PIGBridgeCallBack.h; sourceTree = "<group>"; };
		9FF989BC1942047D003DE3A0 /* PIGBridgeCallBack.m */ = {isa = PBXFileReference; fileEncoding = 4; lastKnownFileType = sourcecode.c.objc; path = PIGBridgeCallBack.m; sourceTree = "<group>"; };
		9FF989BD1942047D003DE3A0 /* PIGBridgeManager.h */ = {isa = PBXFileReference; fileEncoding = 4; lastKnownFileType = sourcecode.c.h; path = PIGBridgeManager.h; sourceTree = "<group>"; };
		9FF989BE1942047D003DE3A0 /* PIGBridgeManager.m */ = {isa = PBXFileReference; fileEncoding = 4; lastKnownFileType = sourcecode.c.objc; path = PIGBridgeManager.m; sourceTree = "<group>"; };
		9FF989BF1942047D003DE3A0 /* PIGBridgeStrings.h */ = {isa = PBXFileReference; fileEncoding = 4; lastKnownFileType = sourcecode.c.h; path = PIGBridgeStrings.h; sourceTree = "<group>"; };
/* End PBXFileReference section */

/* Begin PBXFrameworksBuildPhase section */
		9FF9898F1942045B003DE3A0 /* Frameworks */ = {
			isa = PBXFrameworksBuildPhase;
			buildActionMask = 2147483647;
			files = (
				9FF989961942045B003DE3A0 /* Foundation.framework in Frameworks */,
			);
			runOnlyForDeploymentPostprocessing = 0;
		};
		9FF9899F1942045B003DE3A0 /* Frameworks */ = {
			isa = PBXFrameworksBuildPhase;
			buildActionMask = 2147483647;
			files = (
				9FF989A41942045B003DE3A0 /* XCTest.framework in Frameworks */,
				9FF989A71942045B003DE3A0 /* UIKit.framework in Frameworks */,
				9FF989AA1942045B003DE3A0 /* libPig.a in Frameworks */,
				9FF989A51942045B003DE3A0 /* Foundation.framework in Frameworks */,
			);
			runOnlyForDeploymentPostprocessing = 0;
		};
/* End PBXFrameworksBuildPhase section */

/* Begin PBXGroup section */
		9FF989891942045B003DE3A0 = {
			isa = PBXGroup;
			children = (
				9FF989971942045B003DE3A0 /* Pig */,
				9FF989AB1942045B003DE3A0 /* PigTests */,
				9FF989941942045B003DE3A0 /* Frameworks */,
				9FF989931942045B003DE3A0 /* Products */,
			);
			sourceTree = "<group>";
		};
		9FF989931942045B003DE3A0 /* Products */ = {
			isa = PBXGroup;
			children = (
				9FF989921942045B003DE3A0 /* libPig.a */,
				9FF989A21942045B003DE3A0 /* PigTests.xctest */,
			);
			name = Products;
			sourceTree = "<group>";
		};
		9FF989941942045B003DE3A0 /* Frameworks */ = {
			isa = PBXGroup;
			children = (
				9FF989951942045B003DE3A0 /* Foundation.framework */,
				9FF989A31942045B003DE3A0 /* XCTest.framework */,
				9FF989A61942045B003DE3A0 /* UIKit.framework */,
			);
			name = Frameworks;
			sourceTree = "<group>";
		};
		9FF989971942045B003DE3A0 /* Pig */ = {
			isa = PBXGroup;
			children = (
				9FF989BB1942047D003DE3A0 /* PIGBridgeCallBack.h */,
				9FF989BC1942047D003DE3A0 /* PIGBridgeCallBack.m */,
				9FF989BD1942047D003DE3A0 /* PIGBridgeManager.h */,
				9FF989BE1942047D003DE3A0 /* PIGBridgeManager.m */,
				9FF989BF1942047D003DE3A0 /* PIGBridgeStrings.h */,
				9FF989981942045B003DE3A0 /* Supporting Files */,
			);
			path = Pig;
			sourceTree = "<group>";
		};
		9FF989981942045B003DE3A0 /* Supporting Files */ = {
			isa = PBXGroup;
			children = (
				9FF989991942045B003DE3A0 /* Pig-Prefix.pch */,
			);
			name = "Supporting Files";
			sourceTree = "<group>";
		};
		9FF989AB1942045B003DE3A0 /* PigTests */ = {
			isa = PBXGroup;
			children = (
				9FF989B11942045B003DE3A0 /* PigTests.m */,
				9FF989AC1942045B003DE3A0 /* Supporting Files */,
			);
			path = PigTests;
			sourceTree = "<group>";
		};
		9FF989AC1942045B003DE3A0 /* Supporting Files */ = {
			isa = PBXGroup;
			children = (
				9FF989AD1942045B003DE3A0 /* PigTests-Info.plist */,
				9FF989AE1942045B003DE3A0 /* InfoPlist.strings */,
			);
			name = "Supporting Files";
			sourceTree = "<group>";
		};
/* End PBXGroup section */

/* Begin PBXNativeTarget section */
		9FF989911942045B003DE3A0 /* Pig */ = {
			isa = PBXNativeTarget;
			buildConfigurationList = 9FF989B51942045B003DE3A0 /* Build configuration list for PBXNativeTarget "Pig" */;
			buildPhases = (
				9FF9898E1942045B003DE3A0 /* Sources */,
				9FF9898F1942045B003DE3A0 /* Frameworks */,
				9FF989901942045B003DE3A0 /* CopyFiles */,
			);
			buildRules = (
			);
			dependencies = (
			);
			name = Pig;
			productName = Pig;
			productReference = 9FF989921942045B003DE3A0 /* libPig.a */;
			productType = "com.apple.product-type.library.static";
		};
		9FF989A11942045B003DE3A0 /* PigTests */ = {
			isa = PBXNativeTarget;
			buildConfigurationList = 9FF989B81942045B003DE3A0 /* Build configuration list for PBXNativeTarget "PigTests" */;
			buildPhases = (
				9FF9899E1942045B003DE3A0 /* Sources */,
				9FF9899F1942045B003DE3A0 /* Frameworks */,
				9FF989A01942045B003DE3A0 /* Resources */,
			);
			buildRules = (
			);
			dependencies = (
				9FF989A91942045B003DE3A0 /* PBXTargetDependency */,
			);
			name = PigTests;
			productName = PigTests;
			productReference = 9FF989A21942045B003DE3A0 /* PigTests.xctest */;
			productType = "com.apple.product-type.bundle.unit-test";
		};
/* End PBXNativeTarget section */

/* Begin PBXProject section */
		9FF9898A1942045B003DE3A0 /* Project object */ = {
			isa = PBXProject;
			attributes = {
				LastUpgradeCheck = 0510;
				ORGANIZATIONNAME = ribot;
			};
			buildConfigurationList = 9FF9898D1942045B003DE3A0 /* Build configuration list for PBXProject "Pig" */;
			compatibilityVersion = "Xcode 3.2";
			developmentRegion = English;
			hasScannedForEncodings = 0;
			knownRegions = (
				en,
			);
			mainGroup = 9FF989891942045B003DE3A0;
			productRefGroup = 9FF989931942045B003DE3A0 /* Products */;
			projectDirPath = "";
			projectRoot = "";
			targets = (
				9FF989911942045B003DE3A0 /* Pig */,
				9FF989A11942045B003DE3A0 /* PigTests */,
			);
		};
/* End PBXProject section */

/* Begin PBXResourcesBuildPhase section */
		9FF989A01942045B003DE3A0 /* Resources */ = {
			isa = PBXResourcesBuildPhase;
			buildActionMask = 2147483647;
			files = (
				9FF989B01942045B003DE3A0 /* InfoPlist.strings in Resources */,
			);
			runOnlyForDeploymentPostprocessing = 0;
		};
/* End PBXResourcesBuildPhase section */

/* Begin PBXSourcesBuildPhase section */
		9FF9898E1942045B003DE3A0 /* Sources */ = {
			isa = PBXSourcesBuildPhase;
			buildActionMask = 2147483647;
			files = (
				9FF989C01942047D003DE3A0 /* PIGBridgeCallBack.m in Sources */,
				9FF989C11942047D003DE3A0 /* PIGBridgeManager.m in Sources */,
			);
			runOnlyForDeploymentPostprocessing = 0;
		};
		9FF9899E1942045B003DE3A0 /* Sources */ = {
			isa = PBXSourcesBuildPhase;
			buildActionMask = 2147483647;
			files = (
				9FF989B21942045B003DE3A0 /* PigTests.m in Sources */,
			);
			runOnlyForDeploymentPostprocessing = 0;
		};
/* End PBXSourcesBuildPhase section */

/* Begin PBXTargetDependency section */
		9FF989A91942045B003DE3A0 /* PBXTargetDependency */ = {
			isa = PBXTargetDependency;
			target = 9FF989911942045B003DE3A0 /* Pig */;
			targetProxy = 9FF989A81942045B003DE3A0 /* PBXContainerItemProxy */;
		};
/* End PBXTargetDependency section */

/* Begin PBXVariantGroup section */
		9FF989AE1942045B003DE3A0 /* InfoPlist.strings */ = {
			isa = PBXVariantGroup;
			children = (
				9FF989AF1942045B003DE3A0 /* en */,
			);
			name = InfoPlist.strings;
			sourceTree = "<group>";
		};
/* End PBXVariantGroup section */

/* Begin XCBuildConfiguration section */
		9FF989B31942045B003DE3A0 /* Debug */ = {
			isa = XCBuildConfiguration;
			buildSettings = {
				ALWAYS_SEARCH_USER_PATHS = NO;
				CLANG_CXX_LANGUAGE_STANDARD = "gnu++0x";
				CLANG_CXX_LIBRARY = "libc++";
				CLANG_ENABLE_MODULES = YES;
				CLANG_ENABLE_OBJC_ARC = YES;
				CLANG_WARN_BOOL_CONVERSION = YES;
				CLANG_WARN_CONSTANT_CONVERSION = YES;
				CLANG_WARN_DIRECT_OBJC_ISA_USAGE = YES_ERROR;
				CLANG_WARN_EMPTY_BODY = YES;
				CLANG_WARN_ENUM_CONVERSION = YES;
				CLANG_WARN_INT_CONVERSION = YES;
				CLANG_WARN_OBJC_ROOT_CLASS = YES_ERROR;
				CLANG_WARN__DUPLICATE_METHOD_MATCH = YES;
				COPY_PHASE_STRIP = NO;
				GCC_C_LANGUAGE_STANDARD = gnu99;
				GCC_DYNAMIC_NO_PIC = NO;
				GCC_OPTIMIZATION_LEVEL = 0;
				GCC_PREPROCESSOR_DEFINITIONS = (
					"DEBUG=1",
					"$(inherited)",
				);
				GCC_SYMBOLS_PRIVATE_EXTERN = NO;
				GCC_WARN_64_TO_32_BIT_CONVERSION = YES;
				GCC_WARN_ABOUT_RETURN_TYPE = YES_ERROR;
				GCC_WARN_UNDECLARED_SELECTOR = YES;
				GCC_WARN_UNINITIALIZED_AUTOS = YES_AGGRESSIVE;
				GCC_WARN_UNUSED_FUNCTION = YES;
				GCC_WARN_UNUSED_VARIABLE = YES;
				IPHONEOS_DEPLOYMENT_TARGET = 7.1;
				ONLY_ACTIVE_ARCH = YES;
				SDKROOT = iphoneos;
			};
			name = Debug;
		};
		9FF989B41942045B003DE3A0 /* Release */ = {
			isa = XCBuildConfiguration;
			buildSettings = {
				ALWAYS_SEARCH_USER_PATHS = NO;
				CLANG_CXX_LANGUAGE_STANDARD = "gnu++0x";
				CLANG_CXX_LIBRARY = "libc++";
				CLANG_ENABLE_MODULES = YES;
				CLANG_ENABLE_OBJC_ARC = YES;
				CLANG_WARN_BOOL_CONVERSION = YES;
				CLANG_WARN_CONSTANT_CONVERSION = YES;
				CLANG_WARN_DIRECT_OBJC_ISA_USAGE = YES_ERROR;
				CLANG_WARN_EMPTY_BODY = YES;
				CLANG_WARN_ENUM_CONVERSION = YES;
				CLANG_WARN_INT_CONVERSION = YES;
				CLANG_WARN_OBJC_ROOT_CLASS = YES_ERROR;
				CLANG_WARN__DUPLICATE_METHOD_MATCH = YES;
				COPY_PHASE_STRIP = YES;
				ENABLE_NS_ASSERTIONS = NO;
				GCC_C_LANGUAGE_STANDARD = gnu99;
				GCC_WARN_64_TO_32_BIT_CONVERSION = YES;
				GCC_WARN_ABOUT_RETURN_TYPE = YES_ERROR;
				GCC_WARN_UNDECLARED_SELECTOR = YES;
				GCC_WARN_UNINITIALIZED_AUTOS = YES_AGGRESSIVE;
				GCC_WARN_UNUSED_FUNCTION = YES;
				GCC_WARN_UNUSED_VARIABLE = YES;
				IPHONEOS_DEPLOYMENT_TARGET = 7.1;
				SDKROOT = iphoneos;
				VALIDATE_PRODUCT = YES;
			};
			name = Release;
		};
		9FF989B61942045B003DE3A0 /* Debug */ = {
			isa = XCBuildConfiguration;
			buildSettings = {
				DSTROOT = /tmp/Pig.dst;
				GCC_PRECOMPILE_PREFIX_HEADER = YES;
				GCC_PREFIX_HEADER = "Pig/Pig-Prefix.pch";
				OTHER_LDFLAGS = "-ObjC";
				PRODUCT_NAME = "$(TARGET_NAME)";
				SKIP_INSTALL = YES;
			};
			name = Debug;
		};
		9FF989B71942045B003DE3A0 /* Release */ = {
			isa = XCBuildConfiguration;
			buildSettings = {
				DSTROOT = /tmp/Pig.dst;
				GCC_PRECOMPILE_PREFIX_HEADER = YES;
				GCC_PREFIX_HEADER = "Pig/Pig-Prefix.pch";
				OTHER_LDFLAGS = "-ObjC";
				PRODUCT_NAME = "$(TARGET_NAME)";
				SKIP_INSTALL = YES;
			};
			name = Release;
		};
		9FF989B91942045B003DE3A0 /* Debug */ = {
			isa = XCBuildConfiguration;
			buildSettings = {
				FRAMEWORK_SEARCH_PATHS = (
					"$(SDKROOT)/Developer/Library/Frameworks",
					"$(inherited)",
					"$(DEVELOPER_FRAMEWORKS_DIR)",
				);
				GCC_PRECOMPILE_PREFIX_HEADER = YES;
				GCC_PREFIX_HEADER = "Pig/Pig-Prefix.pch";
				GCC_PREPROCESSOR_DEFINITIONS = (
					"DEBUG=1",
					"$(inherited)",
				);
				INFOPLIST_FILE = "PigTests/PigTests-Info.plist";
				PRODUCT_NAME = "$(TARGET_NAME)";
				WRAPPER_EXTENSION = xctest;
			};
			name = Debug;
		};
		9FF989BA1942045B003DE3A0 /* Release */ = {
			isa = XCBuildConfiguration;
			buildSettings = {
				FRAMEWORK_SEARCH_PATHS = (
					"$(SDKROOT)/Developer/Library/Frameworks",
					"$(inherited)",
					"$(DEVELOPER_FRAMEWORKS_DIR)",
				);
				GCC_PRECOMPILE_PREFIX_HEADER = YES;
				GCC_PREFIX_HEADER = "Pig/Pig-Prefix.pch";
				INFOPLIST_FILE = "PigTests/PigTests-Info.plist";
				PRODUCT_NAME = "$(TARGET_NAME)";
				WRAPPER_EXTENSION = xctest;
			};
			name = Release;
		};
/* End XCBuildConfiguration section */

/* Begin XCConfigurationList section */
		9FF9898D1942045B003DE3A0 /* Build configuration list for PBXProject "Pig" */ = {
			isa = XCConfigurationList;
			buildConfigurations = (
				9FF989B31942045B003DE3A0 /* Debug */,
				9FF989B41942045B003DE3A0 /* Release */,
			);
			defaultConfigurationIsVisible = 0;
			defaultConfigurationName = Release;
		};
		9FF989B51942045B003DE3A0 /* Build configuration list for PBXNativeTarget "Pig" */ = {
			isa = XCConfigurationList;
			buildConfigurations = (
				9FF989B61942045B003DE3A0 /* Debug */,
				9FF989B71942045B003DE3A0 /* Release */,
			);
			defaultConfigurationIsVisible = 0;
		};
		9FF989B81942045B003DE3A0 /* Build configuration list for PBXNativeTarget "PigTests" */ = {
			isa = XCConfigurationList;
			buildConfigurations = (
				9FF989B91942045B003DE3A0 /* Debug */,
				9FF989BA1942045B003DE3A0 /* Release */,
			);
			defaultConfigurationIsVisible = 0;
		};
/* End XCConfigurationList section */
	};
	rootObject = 9FF9898A1942045B003DE3A0 /* Project object */;
}
